// !$*UTF8*$!
{
	archiveVersion = 1;
	classes = {
	};
	objectVersion = 50;
	objects = {

/* Begin PBXBuildFile section */
		F8490390205AA4E40065FA89 /* picoc.c in Sources */ = {isa = PBXBuildFile; fileRef = F8490380205AA4E20065FA89 /* picoc.c */; };
		F8490391205AA4E40065FA89 /* heap.c in Sources */ = {isa = PBXBuildFile; fileRef = F8490382205AA4E30065FA89 /* heap.c */; };
		F8490393205AA4E40065FA89 /* expression.c in Sources */ = {isa = PBXBuildFile; fileRef = F8490384205AA4E30065FA89 /* expression.c */; };
		F8490394205AA4E40065FA89 /* platform.c in Sources */ = {isa = PBXBuildFile; fileRef = F8490386205AA4E30065FA89 /* platform.c */; };
		F8490395205AA4E40065FA89 /* table.c in Sources */ = {isa = PBXBuildFile; fileRef = F8490387205AA4E30065FA89 /* table.c */; };
		F8490396205AA4E40065FA89 /* parse.c in Sources */ = {isa = PBXBuildFile; fileRef = F8490388205AA4E30065FA89 /* parse.c */; };
		F8490397205AA4E40065FA89 /* debug.c in Sources */ = {isa = PBXBuildFile; fileRef = F8490389205AA4E30065FA89 /* debug.c */; };
		F8490398205AA4E40065FA89 /* variable.c in Sources */ = {isa = PBXBuildFile; fileRef = F849038A205AA4E30065FA89 /* variable.c */; };
		F8490399205AA4E40065FA89 /* clibrary.c in Sources */ = {isa = PBXBuildFile; fileRef = F849038B205AA4E30065FA89 /* clibrary.c */; };
		F849039A205AA4E40065FA89 /* library_loxone.c in Sources */ = {isa = PBXBuildFile; fileRef = F849038C205AA4E30065FA89 /* library_loxone.c */; };
		F849039B205AA4E40065FA89 /* type.c in Sources */ = {isa = PBXBuildFile; fileRef = F849038E205AA4E30065FA89 /* type.c */; };
		F849039C205AA4E40065FA89 /* lex.c in Sources */ = {isa = PBXBuildFile; fileRef = F849038F205AA4E30065FA89 /* lex.c */; };
		F84903B5205AA5010065FA89 /* platform_unix.c in Sources */ = {isa = PBXBuildFile; fileRef = F84903B3205AA4F50065FA89 /* platform_unix.c */; };
		F84903B6205AA5070065FA89 /* math.c in Sources */ = {isa = PBXBuildFile; fileRef = F849039E205AA4F50065FA89 /* math.c */; };
		F84903B7205AA5180065FA89 /* stdio.c in Sources */ = {isa = PBXBuildFile; fileRef = F84903A2205AA4F50065FA89 /* stdio.c */; };
		F84903BB205AA55F0065FA89 /* stdbool.c in Sources */ = {isa = PBXBuildFile; fileRef = F849039F205AA4F50065FA89 /* stdbool.c */; };
		F84903BC205AA56C0065FA89 /* stdlib.c in Sources */ = {isa = PBXBuildFile; fileRef = F84903A4205AA4F50065FA89 /* stdlib.c */; };
		F84903BD205AA5770065FA89 /* string.c in Sources */ = {isa = PBXBuildFile; fileRef = F84903A3205AA4F50065FA89 /* string.c */; };
		F859B6CA205124D20026E5F5 /* libreadline.tbd in Frameworks */ = {isa = PBXBuildFile; fileRef = F859B6C9205124D20026E5F5 /* libreadline.tbd */; };
		F8BF5FAF205BED9E00B94DE7 /* AppDelegate.m in Sources */ = {isa = PBXBuildFile; fileRef = F8BF5FAE205BED9E00B94DE7 /* AppDelegate.m */; };
		F8BF5FB2205BED9E00B94DE7 /* LoxPrgDocument.m in Sources */ = {isa = PBXBuildFile; fileRef = F8BF5FB1205BED9E00B94DE7 /* LoxPrgDocument.m */; };
		F8BF5FB5205BED9E00B94DE7 /* LoxPrgDocument.xib in Resources */ = {isa = PBXBuildFile; fileRef = F8BF5FB3205BED9E00B94DE7 /* LoxPrgDocument.xib */; };
		F8BF5FB7205BED9F00B94DE7 /* Assets.xcassets in Resources */ = {isa = PBXBuildFile; fileRef = F8BF5FB6205BED9F00B94DE7 /* Assets.xcassets */; };
		F8BF5FBA205BED9F00B94DE7 /* MainMenu.xib in Resources */ = {isa = PBXBuildFile; fileRef = F8BF5FB8205BED9F00B94DE7 /* MainMenu.xib */; };
		F8BF5FBD205BED9F00B94DE7 /* main.m in Sources */ = {isa = PBXBuildFile; fileRef = F8BF5FBC205BED9F00B94DE7 /* main.m */; };
		F8BF6001205BFBE400B94DE7 /* library_loxone.c in Sources */ = {isa = PBXBuildFile; fileRef = F849038C205AA4E30065FA89 /* library_loxone.c */; };
		F8BF6002205BFBE400B94DE7 /* clibrary.c in Sources */ = {isa = PBXBuildFile; fileRef = F849038B205AA4E30065FA89 /* clibrary.c */; };
		F8BF6003205BFBE400B94DE7 /* debug.c in Sources */ = {isa = PBXBuildFile; fileRef = F8490389205AA4E30065FA89 /* debug.c */; };
		F8BF6004205BFBE400B94DE7 /* expression.c in Sources */ = {isa = PBXBuildFile; fileRef = F8490384205AA4E30065FA89 /* expression.c */; };
		F8BF6005205BFBE400B94DE7 /* heap.c in Sources */ = {isa = PBXBuildFile; fileRef = F8490382205AA4E30065FA89 /* heap.c */; };
		F8BF6007205BFBE400B94DE7 /* lex.c in Sources */ = {isa = PBXBuildFile; fileRef = F849038F205AA4E30065FA89 /* lex.c */; };
		F8BF6008205BFBE400B94DE7 /* parse.c in Sources */ = {isa = PBXBuildFile; fileRef = F8490388205AA4E30065FA89 /* parse.c */; };
		F8BF6009205BFBE400B94DE7 /* platform.c in Sources */ = {isa = PBXBuildFile; fileRef = F8490386205AA4E30065FA89 /* platform.c */; };
		F8BF600A205BFBE400B94DE7 /* table.c in Sources */ = {isa = PBXBuildFile; fileRef = F8490387205AA4E30065FA89 /* table.c */; };
		F8BF600B205BFBE400B94DE7 /* type.c in Sources */ = {isa = PBXBuildFile; fileRef = F849038E205AA4E30065FA89 /* type.c */; };
		F8BF600C205BFBE400B94DE7 /* variable.c in Sources */ = {isa = PBXBuildFile; fileRef = F849038A205AA4E30065FA89 /* variable.c */; };
		F8BF600D205BFBEE00B94DE7 /* math.c in Sources */ = {isa = PBXBuildFile; fileRef = F849039E205AA4F50065FA89 /* math.c */; };
		F8BF600E205BFBEE00B94DE7 /* stdbool.c in Sources */ = {isa = PBXBuildFile; fileRef = F849039F205AA4F50065FA89 /* stdbool.c */; };
		F8BF6011205BFBEE00B94DE7 /* stdio.c in Sources */ = {isa = PBXBuildFile; fileRef = F84903A2205AA4F50065FA89 /* stdio.c */; };
		F8BF6012205BFBEE00B94DE7 /* string.c in Sources */ = {isa = PBXBuildFile; fileRef = F84903A3205AA4F50065FA89 /* string.c */; };
		F8BF6013205BFBEE00B94DE7 /* stdlib.c in Sources */ = {isa = PBXBuildFile; fileRef = F84903A4205AA4F50065FA89 /* stdlib.c */; };
		F8BF6019205C0A8D00B94DE7 /* LoxSim.m in Sources */ = {isa = PBXBuildFile; fileRef = F8BF6018205C0A8D00B94DE7 /* LoxSim.m */; };
		F8BF601A205C571000B94DE7 /* include.c in Sources */ = {isa = PBXBuildFile; fileRef = F8490383205AA4E30065FA89 /* include.c */; };
		F8BF601B205C571100B94DE7 /* include.c in Sources */ = {isa = PBXBuildFile; fileRef = F8490383205AA4E30065FA89 /* include.c */; };
/* End PBXBuildFile section */

/* Begin PBXCopyFilesBuildPhase section */
		F859B6762051223E0026E5F5 /* CopyFiles */ = {
			isa = PBXCopyFilesBuildPhase;
			buildActionMask = 2147483647;
			dstPath = /usr/share/man/man1/;
			dstSubfolderSpec = 0;
			files = (
			);
			runOnlyForDeploymentPostprocessing = 1;
		};
/* End PBXCopyFilesBuildPhase section */

/* Begin PBXFileReference section */
		F849037E205AA4D60065FA89 /* README.md */ = {isa = PBXFileReference; lastKnownFileType = net.daringfireball.markdown; name = README.md; path = picoc/README.md; sourceTree = "<group>"; };
		F849037F205AA4E20065FA89 /* library_loxone.h */ = {isa = PBXFileReference; fileEncoding = 4; lastKnownFileType = sourcecode.c.h; name = library_loxone.h; path = picoc/library_loxone.h; sourceTree = "<group>"; };
		F8490380205AA4E20065FA89 /* picoc.c */ = {isa = PBXFileReference; fileEncoding = 4; lastKnownFileType = sourcecode.c.c; name = picoc.c; path = picoc/picoc.c; sourceTree = "<group>"; };
		F8490381205AA4E30065FA89 /* interpreter.h */ = {isa = PBXFileReference; fileEncoding = 4; lastKnownFileType = sourcecode.c.h; name = interpreter.h; path = picoc/interpreter.h; sourceTree = "<group>"; };
		F8490382205AA4E30065FA89 /* heap.c */ = {isa = PBXFileReference; fileEncoding = 4; lastKnownFileType = sourcecode.c.c; name = heap.c; path = picoc/heap.c; sourceTree = "<group>"; };
		F8490383205AA4E30065FA89 /* include.c */ = {isa = PBXFileReference; fileEncoding = 4; lastKnownFileType = sourcecode.c.c; name = include.c; path = picoc/include.c; sourceTree = "<group>"; };
		F8490384205AA4E30065FA89 /* expression.c */ = {isa = PBXFileReference; fileEncoding = 4; lastKnownFileType = sourcecode.c.c; name = expression.c; path = picoc/expression.c; sourceTree = "<group>"; };
		F8490385205AA4E30065FA89 /* platform.h */ = {isa = PBXFileReference; fileEncoding = 4; lastKnownFileType = sourcecode.c.h; name = platform.h; path = picoc/platform.h; sourceTree = "<group>"; };
		F8490386205AA4E30065FA89 /* platform.c */ = {isa = PBXFileReference; fileEncoding = 4; lastKnownFileType = sourcecode.c.c; name = platform.c; path = picoc/platform.c; sourceTree = "<group>"; };
		F8490387205AA4E30065FA89 /* table.c */ = {isa = PBXFileReference; fileEncoding = 4; lastKnownFileType = sourcecode.c.c; name = table.c; path = picoc/table.c; sourceTree = "<group>"; };
		F8490388205AA4E30065FA89 /* parse.c */ = {isa = PBXFileReference; fileEncoding = 4; lastKnownFileType = sourcecode.c.c; name = parse.c; path = picoc/parse.c; sourceTree = "<group>"; };
		F8490389205AA4E30065FA89 /* debug.c */ = {isa = PBXFileReference; fileEncoding = 4; lastKnownFileType = sourcecode.c.c; name = debug.c; path = picoc/debug.c; sourceTree = "<group>"; };
		F849038A205AA4E30065FA89 /* variable.c */ = {isa = PBXFileReference; fileEncoding = 4; lastKnownFileType = sourcecode.c.c; name = variable.c; path = picoc/variable.c; sourceTree = "<group>"; };
		F849038B205AA4E30065FA89 /* clibrary.c */ = {isa = PBXFileReference; fileEncoding = 4; lastKnownFileType = sourcecode.c.c; name = clibrary.c; path = picoc/clibrary.c; sourceTree = "<group>"; };
		F849038C205AA4E30065FA89 /* library_loxone.c */ = {isa = PBXFileReference; fileEncoding = 4; lastKnownFileType = sourcecode.c.c; name = library_loxone.c; path = picoc/library_loxone.c; sourceTree = "<group>"; };
		F849038D205AA4E30065FA89 /* picoc.h */ = {isa = PBXFileReference; fileEncoding = 4; lastKnownFileType = sourcecode.c.h; name = picoc.h; path = picoc/picoc.h; sourceTree = "<group>"; };
		F849038E205AA4E30065FA89 /* type.c */ = {isa = PBXFileReference; fileEncoding = 4; lastKnownFileType = sourcecode.c.c; name = type.c; path = picoc/type.c; sourceTree = "<group>"; };
		F849038F205AA4E30065FA89 /* lex.c */ = {isa = PBXFileReference; fileEncoding = 4; lastKnownFileType = sourcecode.c.c; name = lex.c; path = picoc/lex.c; sourceTree = "<group>"; };
		F849039E205AA4F50065FA89 /* math.c */ = {isa = PBXFileReference; lastKnownFileType = sourcecode.c.c; path = math.c; sourceTree = "<group>"; };
		F849039F205AA4F50065FA89 /* stdbool.c */ = {isa = PBXFileReference; lastKnownFileType = sourcecode.c.c; path = stdbool.c; sourceTree = "<group>"; };
		F84903A0205AA4F50065FA89 /* ctype.c */ = {isa = PBXFileReference; lastKnownFileType = sourcecode.c.c; path = ctype.c; sourceTree = "<group>"; };
		F84903A1205AA4F50065FA89 /* errno.c */ = {isa = PBXFileReference; lastKnownFileType = sourcecode.c.c; path = errno.c; sourceTree = "<group>"; };
		F84903A2205AA4F50065FA89 /* stdio.c */ = {isa = PBXFileReference; lastKnownFileType = sourcecode.c.c; path = stdio.c; sourceTree = "<group>"; };
		F84903A3205AA4F50065FA89 /* string.c */ = {isa = PBXFileReference; lastKnownFileType = sourcecode.c.c; path = string.c; sourceTree = "<group>"; };
		F84903A4205AA4F50065FA89 /* stdlib.c */ = {isa = PBXFileReference; lastKnownFileType = sourcecode.c.c; path = stdlib.c; sourceTree = "<group>"; };
		F84903A5205AA4F50065FA89 /* time.c */ = {isa = PBXFileReference; lastKnownFileType = sourcecode.c.c; path = time.c; sourceTree = "<group>"; };
		F84903A6205AA4F50065FA89 /* unistd.c */ = {isa = PBXFileReference; lastKnownFileType = sourcecode.c.c; path = unistd.c; sourceTree = "<group>"; };
		F84903A8205AA4F50065FA89 /* DifferencesFromC90.htm */ = {isa = PBXFileReference; lastKnownFileType = text.html; path = DifferencesFromC90.htm; sourceTree = "<group>"; };
		F84903A9205AA4F50065FA89 /* RunningPicoc.htm */ = {isa = PBXFileReference; lastKnownFileType = text.html; path = RunningPicoc.htm; sourceTree = "<group>"; };
		F84903AA205AA4F50065FA89 /* AddingNativeCLibraryFunctions.htm */ = {isa = PBXFileReference; lastKnownFileType = text.html; path = AddingNativeCLibraryFunctions.htm; sourceTree = "<group>"; };
		F84903AC205AA4F50065FA89 /* library_srv1.c */ = {isa = PBXFileReference; lastKnownFileType = sourcecode.c.c; path = library_srv1.c; sourceTree = "<group>"; };
		F84903AD205AA4F50065FA89 /* platform_surveyor.c */ = {isa = PBXFileReference; lastKnownFileType = sourcecode.c.c; path = platform_surveyor.c; sourceTree = "<group>"; };
		F84903AE205AA4F50065FA89 /* platform_msvc.c */ = {isa = PBXFileReference; lastKnownFileType = sourcecode.c.c; path = platform_msvc.c; sourceTree = "<group>"; };
		F84903AF205AA4F50065FA89 /* library_unix.c */ = {isa = PBXFileReference; lastKnownFileType = sourcecode.c.c; path = library_unix.c; sourceTree = "<group>"; };
		F84903B0205AA4F50065FA89 /* platform_ffox.c */ = {isa = PBXFileReference; lastKnownFileType = sourcecode.c.c; path = platform_ffox.c; sourceTree = "<group>"; };
		F84903B1205AA4F50065FA89 /* library_ffox.c */ = {isa = PBXFileReference; lastKnownFileType = sourcecode.c.c; path = library_ffox.c; sourceTree = "<group>"; };
		F84903B2205AA4F50065FA89 /* library_surveyor.c */ = {isa = PBXFileReference; lastKnownFileType = sourcecode.c.c; path = library_surveyor.c; sourceTree = "<group>"; };
		F84903B3205AA4F50065FA89 /* platform_unix.c */ = {isa = PBXFileReference; lastKnownFileType = sourcecode.c.c; path = platform_unix.c; sourceTree = "<group>"; };
		F84903B4205AA4F50065FA89 /* library_msvc.c */ = {isa = PBXFileReference; lastKnownFileType = sourcecode.c.c; path = library_msvc.c; sourceTree = "<group>"; };
		F859B6782051223E0026E5F5 /* picoc */ = {isa = PBXFileReference; explicitFileType = "compiled.mach-o.executable"; includeInIndex = 0; path = picoc; sourceTree = BUILT_PRODUCTS_DIR; };
		F859B6C9205124D20026E5F5 /* libreadline.tbd */ = {isa = PBXFileReference; lastKnownFileType = "sourcecode.text-based-dylib-definition"; name = libreadline.tbd; path = usr/lib/libreadline.tbd; sourceTree = SDKROOT; };
		F8BF5FAB205BED9E00B94DE7 /* Loxone Programm Simulator.app */ = {isa = PBXFileReference; explicitFileType = wrapper.application; includeInIndex = 0; path = "Loxone Programm Simulator.app"; sourceTree = BUILT_PRODUCTS_DIR; };
		F8BF5FAD205BED9E00B94DE7 /* AppDelegate.h */ = {isa = PBXFileReference; lastKnownFileType = sourcecode.c.h; path = AppDelegate.h; sourceTree = "<group>"; };
		F8BF5FAE205BED9E00B94DE7 /* AppDelegate.m */ = {isa = PBXFileReference; lastKnownFileType = sourcecode.c.objc; path = AppDelegate.m; sourceTree = "<group>"; };
		F8BF5FB0205BED9E00B94DE7 /* LoxPrgDocument.h */ = {isa = PBXFileReference; lastKnownFileType = sourcecode.c.h; path = LoxPrgDocument.h; sourceTree = "<group>"; };
		F8BF5FB1205BED9E00B94DE7 /* LoxPrgDocument.m */ = {isa = PBXFileReference; lastKnownFileType = sourcecode.c.objc; path = LoxPrgDocument.m; sourceTree = "<group>"; };
		F8BF5FB4205BED9E00B94DE7 /* Base */ = {isa = PBXFileReference; lastKnownFileType = file.xib; name = Base; path = Base.lproj/LoxPrgDocument.xib; sourceTree = "<group>"; };
		F8BF5FB6205BED9F00B94DE7 /* Assets.xcassets */ = {isa = PBXFileReference; lastKnownFileType = folder.assetcatalog; path = Assets.xcassets; sourceTree = "<group>"; };
		F8BF5FB9205BED9F00B94DE7 /* Base */ = {isa = PBXFileReference; lastKnownFileType = file.xib; name = Base; path = Base.lproj/MainMenu.xib; sourceTree = "<group>"; };
		F8BF5FBB205BED9F00B94DE7 /* Info.plist */ = {isa = PBXFileReference; lastKnownFileType = text.plist.xml; path = Info.plist; sourceTree = "<group>"; };
		F8BF5FBC205BED9F00B94DE7 /* main.m */ = {isa = PBXFileReference; lastKnownFileType = sourcecode.c.objc; path = main.m; sourceTree = "<group>"; };
		F8BF5FBE205BED9F00B94DE7 /* Loxone_Programm_Simulator.entitlements */ = {isa = PBXFileReference; lastKnownFileType = text.plist.entitlements; path = Loxone_Programm_Simulator.entitlements; sourceTree = "<group>"; };
		F8BF6017205C0A8D00B94DE7 /* LoxSim.h */ = {isa = PBXFileReference; lastKnownFileType = sourcecode.c.h; path = LoxSim.h; sourceTree = "<group>"; };
		F8BF6018205C0A8D00B94DE7 /* LoxSim.m */ = {isa = PBXFileReference; lastKnownFileType = sourcecode.c.objc; path = LoxSim.m; sourceTree = "<group>"; };
/* End PBXFileReference section */

/* Begin PBXFrameworksBuildPhase section */
		F859B6752051223E0026E5F5 /* Frameworks */ = {
			isa = PBXFrameworksBuildPhase;
			buildActionMask = 2147483647;
			files = (
				F859B6CA205124D20026E5F5 /* libreadline.tbd in Frameworks */,
			);
			runOnlyForDeploymentPostprocessing = 0;
		};
		F8BF5FA8205BED9E00B94DE7 /* Frameworks */ = {
			isa = PBXFrameworksBuildPhase;
			buildActionMask = 2147483647;
			files = (
			);
			runOnlyForDeploymentPostprocessing = 0;
		};
/* End PBXFrameworksBuildPhase section */

/* Begin PBXGroup section */
		F849039D205AA4F50065FA89 /* cstdlib */ = {
			isa = PBXGroup;
			children = (
				F849039E205AA4F50065FA89 /* math.c */,
				F849039F205AA4F50065FA89 /* stdbool.c */,
				F84903A2205AA4F50065FA89 /* stdio.c */,
				F84903A3205AA4F50065FA89 /* string.c */,
				F84903A4205AA4F50065FA89 /* stdlib.c */,
				F84903A0205AA4F50065FA89 /* ctype.c */,
				F84903A1205AA4F50065FA89 /* errno.c */,
				F84903A5205AA4F50065FA89 /* time.c */,
				F84903A6205AA4F50065FA89 /* unistd.c */,
			);
			name = cstdlib;
			path = picoc/cstdlib;
			sourceTree = "<group>";
		};
		F84903A7205AA4F50065FA89 /* doc */ = {
			isa = PBXGroup;
			children = (
				F84903A8205AA4F50065FA89 /* DifferencesFromC90.htm */,
				F84903A9205AA4F50065FA89 /* RunningPicoc.htm */,
				F84903AA205AA4F50065FA89 /* AddingNativeCLibraryFunctions.htm */,
			);
			name = doc;
			path = picoc/doc;
			sourceTree = "<group>";
		};
		F84903AB205AA4F50065FA89 /* platform */ = {
			isa = PBXGroup;
			children = (
				F84903AC205AA4F50065FA89 /* library_srv1.c */,
				F84903AD205AA4F50065FA89 /* platform_surveyor.c */,
				F84903AE205AA4F50065FA89 /* platform_msvc.c */,
				F84903AF205AA4F50065FA89 /* library_unix.c */,
				F84903B0205AA4F50065FA89 /* platform_ffox.c */,
				F84903B1205AA4F50065FA89 /* library_ffox.c */,
				F84903B2205AA4F50065FA89 /* library_surveyor.c */,
				F84903B3205AA4F50065FA89 /* platform_unix.c */,
				F84903B4205AA4F50065FA89 /* library_msvc.c */,
			);
			name = platform;
			path = picoc/platform;
			sourceTree = "<group>";
		};
		F859B66F2051223E0026E5F5 = {
			isa = PBXGroup;
			children = (
				F849037E205AA4D60065FA89 /* README.md */,
				F8490380205AA4E20065FA89 /* picoc.c */,
				F849038D205AA4E30065FA89 /* picoc.h */,
				F849038C205AA4E30065FA89 /* library_loxone.c */,
				F849037F205AA4E20065FA89 /* library_loxone.h */,
				F849038B205AA4E30065FA89 /* clibrary.c */,
				F8490389205AA4E30065FA89 /* debug.c */,
				F8490384205AA4E30065FA89 /* expression.c */,
				F8490382205AA4E30065FA89 /* heap.c */,
				F8490383205AA4E30065FA89 /* include.c */,
				F8490381205AA4E30065FA89 /* interpreter.h */,
				F849038F205AA4E30065FA89 /* lex.c */,
				F8490388205AA4E30065FA89 /* parse.c */,
				F8490386205AA4E30065FA89 /* platform.c */,
				F8490385205AA4E30065FA89 /* platform.h */,
				F8490387205AA4E30065FA89 /* table.c */,
				F849038E205AA4E30065FA89 /* type.c */,
				F849038A205AA4E30065FA89 /* variable.c */,
				F849039D205AA4F50065FA89 /* cstdlib */,
				F84903A7205AA4F50065FA89 /* doc */,
				F84903AB205AA4F50065FA89 /* platform */,
				F8BF5FAC205BED9E00B94DE7 /* Loxone Programm Simulator */,
				F859B6792051223E0026E5F5 /* Products */,
				F859B6C8205124D10026E5F5 /* Frameworks */,
			);
			sourceTree = "<group>";
		};
		F859B6792051223E0026E5F5 /* Products */ = {
			isa = PBXGroup;
			children = (
				F859B6782051223E0026E5F5 /* picoc */,
				F8BF5FAB205BED9E00B94DE7 /* Loxone Programm Simulator.app */,
			);
			name = Products;
			sourceTree = "<group>";
		};
		F859B6C8205124D10026E5F5 /* Frameworks */ = {
			isa = PBXGroup;
			children = (
				F859B6C9205124D20026E5F5 /* libreadline.tbd */,
			);
			name = Frameworks;
			sourceTree = "<group>";
		};
		F8BF5FAC205BED9E00B94DE7 /* Loxone Programm Simulator */ = {
			isa = PBXGroup;
			children = (
				F8BF5FAD205BED9E00B94DE7 /* AppDelegate.h */,
				F8BF5FAE205BED9E00B94DE7 /* AppDelegate.m */,
				F8BF6017205C0A8D00B94DE7 /* LoxSim.h */,
				F8BF6018205C0A8D00B94DE7 /* LoxSim.m */,
				F8BF5FB0205BED9E00B94DE7 /* LoxPrgDocument.h */,
				F8BF5FB1205BED9E00B94DE7 /* LoxPrgDocument.m */,
				F8BF5FB3205BED9E00B94DE7 /* LoxPrgDocument.xib */,
				F8BF5FB6205BED9F00B94DE7 /* Assets.xcassets */,
				F8BF5FB8205BED9F00B94DE7 /* MainMenu.xib */,
				F8BF5FBB205BED9F00B94DE7 /* Info.plist */,
				F8BF5FBC205BED9F00B94DE7 /* main.m */,
				F8BF5FBE205BED9F00B94DE7 /* Loxone_Programm_Simulator.entitlements */,
			);
			path = "Loxone Programm Simulator";
			sourceTree = "<group>";
		};
/* End PBXGroup section */

/* Begin PBXNativeTarget section */
		F859B6772051223E0026E5F5 /* picoc */ = {
			isa = PBXNativeTarget;
			buildConfigurationList = F859B67F2051223E0026E5F5 /* Build configuration list for PBXNativeTarget "picoc" */;
			buildPhases = (
				F859B6742051223E0026E5F5 /* Sources */,
				F859B6752051223E0026E5F5 /* Frameworks */,
				F859B6762051223E0026E5F5 /* CopyFiles */,
			);
			buildRules = (
			);
			dependencies = (
			);
			name = picoc;
			productName = picoc;
			productReference = F859B6782051223E0026E5F5 /* picoc */;
			productType = "com.apple.product-type.tool";
		};
		F8BF5FAA205BED9E00B94DE7 /* Loxone Programm Simulator */ = {
			isa = PBXNativeTarget;
			buildConfigurationList = F8BF5FCA205BED9F00B94DE7 /* Build configuration list for PBXNativeTarget "Loxone Programm Simulator" */;
			buildPhases = (
				F8BF5FA7205BED9E00B94DE7 /* Sources */,
				F8BF5FA8205BED9E00B94DE7 /* Frameworks */,
				F8BF5FA9205BED9E00B94DE7 /* Resources */,
			);
			buildRules = (
			);
			dependencies = (
			);
			name = "Loxone Programm Simulator";
			productName = "Loxone Programm Simulator";
			productReference = F8BF5FAB205BED9E00B94DE7 /* Loxone Programm Simulator.app */;
			productType = "com.apple.product-type.application";
		};
/* End PBXNativeTarget section */

/* Begin PBXProject section */
		F859B6702051223E0026E5F5 /* Project object */ = {
			isa = PBXProject;
			attributes = {
				LastUpgradeCheck = 0930;
				ORGANIZATIONNAME = "Markus Fritze";
				TargetAttributes = {
					F859B6772051223E0026E5F5 = {
						CreatedOnToolsVersion = 9.3;
					};
					F8BF5FAA205BED9E00B94DE7 = {
						CreatedOnToolsVersion = 9.3;
						SystemCapabilities = {
							com.apple.Sandbox = {
								enabled = 0;
							};
						};
					};
				};
			};
			buildConfigurationList = F859B6732051223E0026E5F5 /* Build configuration list for PBXProject "picoc" */;
			compatibilityVersion = "Xcode 9.3";
			developmentRegion = en;
			hasScannedForEncodings = 0;
			knownRegions = (
				en,
				Base,
			);
			mainGroup = F859B66F2051223E0026E5F5;
			productRefGroup = F859B6792051223E0026E5F5 /* Products */;
			projectDirPath = "";
			projectRoot = "";
			targets = (
				F859B6772051223E0026E5F5 /* picoc */,
				F8BF5FAA205BED9E00B94DE7 /* Loxone Programm Simulator */,
			);
		};
/* End PBXProject section */

/* Begin PBXResourcesBuildPhase section */
		F8BF5FA9205BED9E00B94DE7 /* Resources */ = {
			isa = PBXResourcesBuildPhase;
			buildActionMask = 2147483647;
			files = (
				F8BF5FB7205BED9F00B94DE7 /* Assets.xcassets in Resources */,
				F8BF5FB5205BED9E00B94DE7 /* LoxPrgDocument.xib in Resources */,
				F8BF5FBA205BED9F00B94DE7 /* MainMenu.xib in Resources */,
			);
			runOnlyForDeploymentPostprocessing = 0;
		};
/* End PBXResourcesBuildPhase section */

/* Begin PBXSourcesBuildPhase section */
		F859B6742051223E0026E5F5 /* Sources */ = {
			isa = PBXSourcesBuildPhase;
			buildActionMask = 2147483647;
			files = (
				F8490395205AA4E40065FA89 /* table.c in Sources */,
				F849039A205AA4E40065FA89 /* library_loxone.c in Sources */,
				F8490391205AA4E40065FA89 /* heap.c in Sources */,
				F8490397205AA4E40065FA89 /* debug.c in Sources */,
				F8490393205AA4E40065FA89 /* expression.c in Sources */,
				F8490398205AA4E40065FA89 /* variable.c in Sources */,
				F8490396205AA4E40065FA89 /* parse.c in Sources */,
				F8490394205AA4E40065FA89 /* platform.c in Sources */,
				F84903BD205AA5770065FA89 /* string.c in Sources */,
				F8BF601B205C571100B94DE7 /* include.c in Sources */,
				F8490390205AA4E40065FA89 /* picoc.c in Sources */,
				F84903BB205AA55F0065FA89 /* stdbool.c in Sources */,
				F84903B6205AA5070065FA89 /* math.c in Sources */,
				F84903BC205AA56C0065FA89 /* stdlib.c in Sources */,
				F84903B7205AA5180065FA89 /* stdio.c in Sources */,
				F849039C205AA4E40065FA89 /* lex.c in Sources */,
				F8490399205AA4E40065FA89 /* clibrary.c in Sources */,
				F84903B5205AA5010065FA89 /* platform_unix.c in Sources */,
				F849039B205AA4E40065FA89 /* type.c in Sources */,
			);
			runOnlyForDeploymentPostprocessing = 0;
		};
		F8BF5FA7205BED9E00B94DE7 /* Sources */ = {
			isa = PBXSourcesBuildPhase;
			buildActionMask = 2147483647;
			files = (
				F8BF5FB2205BED9E00B94DE7 /* LoxPrgDocument.m in Sources */,
				F8BF600D205BFBEE00B94DE7 /* math.c in Sources */,
				F8BF6008205BFBE400B94DE7 /* parse.c in Sources */,
				F8BF6011205BFBEE00B94DE7 /* stdio.c in Sources */,
				F8BF6007205BFBE400B94DE7 /* lex.c in Sources */,
				F8BF600C205BFBE400B94DE7 /* variable.c in Sources */,
				F8BF5FBD205BED9F00B94DE7 /* main.m in Sources */,
				F8BF6001205BFBE400B94DE7 /* library_loxone.c in Sources */,
				F8BF6004205BFBE400B94DE7 /* expression.c in Sources */,
				F8BF6003205BFBE400B94DE7 /* debug.c in Sources */,
				F8BF6005205BFBE400B94DE7 /* heap.c in Sources */,
				F8BF6009205BFBE400B94DE7 /* platform.c in Sources */,
				F8BF600E205BFBEE00B94DE7 /* stdbool.c in Sources */,
				F8BF600B205BFBE400B94DE7 /* type.c in Sources */,
				F8BF6012205BFBEE00B94DE7 /* string.c in Sources */,
				F8BF5FAF205BED9E00B94DE7 /* AppDelegate.m in Sources */,
				F8BF6019205C0A8D00B94DE7 /* LoxSim.m in Sources */,
				F8BF600A205BFBE400B94DE7 /* table.c in Sources */,
				F8BF601A205C571000B94DE7 /* include.c in Sources */,
				F8BF6013205BFBEE00B94DE7 /* stdlib.c in Sources */,
				F8BF6002205BFBE400B94DE7 /* clibrary.c in Sources */,
			);
			runOnlyForDeploymentPostprocessing = 0;
		};
/* End PBXSourcesBuildPhase section */

/* Begin PBXVariantGroup section */
		F8BF5FB3205BED9E00B94DE7 /* LoxPrgDocument.xib */ = {
			isa = PBXVariantGroup;
			children = (
				F8BF5FB4205BED9E00B94DE7 /* Base */,
			);
			name = LoxPrgDocument.xib;
			sourceTree = "<group>";
		};
		F8BF5FB8205BED9F00B94DE7 /* MainMenu.xib */ = {
			isa = PBXVariantGroup;
			children = (
				F8BF5FB9205BED9F00B94DE7 /* Base */,
			);
			name = MainMenu.xib;
			sourceTree = "<group>";
		};
/* End PBXVariantGroup section */

/* Begin XCBuildConfiguration section */
		F859B67D2051223E0026E5F5 /* Debug */ = {
			isa = XCBuildConfiguration;
			buildSettings = {
				CLANG_ANALYZER_NONNULL = YES;
				CLANG_ANALYZER_NUMBER_OBJECT_CONVERSION = YES_AGGRESSIVE;
				CLANG_CXX_LANGUAGE_STANDARD = "gnu++14";
				CLANG_CXX_LIBRARY = "libc++";
				CLANG_ENABLE_MODULES = YES;
				CLANG_ENABLE_OBJC_ARC = YES;
				CLANG_ENABLE_OBJC_WEAK = YES;
				CLANG_WARN_BLOCK_CAPTURE_AUTORELEASING = YES;
				CLANG_WARN_BOOL_CONVERSION = YES;
				CLANG_WARN_COMMA = YES;
				CLANG_WARN_CONSTANT_CONVERSION = YES;
				CLANG_WARN_DEPRECATED_OBJC_IMPLEMENTATIONS = YES;
				CLANG_WARN_DIRECT_OBJC_ISA_USAGE = YES_ERROR;
				CLANG_WARN_DOCUMENTATION_COMMENTS = YES;
				CLANG_WARN_EMPTY_BODY = YES;
				CLANG_WARN_ENUM_CONVERSION = YES;
				CLANG_WARN_INFINITE_RECURSION = YES;
				CLANG_WARN_INT_CONVERSION = YES;
				CLANG_WARN_NON_LITERAL_NULL_CONVERSION = YES;
				CLANG_WARN_OBJC_IMPLICIT_RETAIN_SELF = YES;
				CLANG_WARN_OBJC_LITERAL_CONVERSION = YES;
				CLANG_WARN_OBJC_ROOT_CLASS = YES_ERROR;
				CLANG_WARN_RANGE_LOOP_ANALYSIS = YES;
				CLANG_WARN_STRICT_PROTOTYPES = YES;
				CLANG_WARN_SUSPICIOUS_MOVE = YES;
				CLANG_WARN_UNGUARDED_AVAILABILITY = YES_AGGRESSIVE;
				CLANG_WARN_UNREACHABLE_CODE = YES;
				CLANG_WARN__DUPLICATE_METHOD_MATCH = YES;
				CODE_SIGN_IDENTITY = "-";
				COPY_PHASE_STRIP = NO;
				DEBUG_INFORMATION_FORMAT = dwarf;
				ENABLE_STRICT_OBJC_MSGSEND = YES;
				ENABLE_TESTABILITY = YES;
				GCC_NO_COMMON_BLOCKS = YES;
				GCC_OPTIMIZATION_LEVEL = 0;
				GCC_PREPROCESSOR_DEFINITIONS = (
					"DEBUG=1",
					"$(inherited)",
				);
				GCC_WARN_64_TO_32_BIT_CONVERSION = YES;
				GCC_WARN_ABOUT_RETURN_TYPE = YES_ERROR;
				GCC_WARN_UNDECLARED_SELECTOR = YES;
				GCC_WARN_UNINITIALIZED_AUTOS = YES_AGGRESSIVE;
				GCC_WARN_UNUSED_FUNCTION = YES;
				GCC_WARN_UNUSED_VARIABLE = YES;
				MTL_ENABLE_DEBUG_INFO = YES;
				ONLY_ACTIVE_ARCH = YES;
				OTHER_CFLAGS = (
					"-DUNIX_HOST",
					"-DF_FULLSYNC",
					"-DLOXONE",
					"-DPICOC_LIBRARY",
					"-DUSE_MALLOC_HEAP",
				);
				SDKROOT = macosx;
			};
			name = Debug;
		};
		F859B67E2051223E0026E5F5 /* Release */ = {
			isa = XCBuildConfiguration;
			buildSettings = {
				CLANG_ANALYZER_NONNULL = YES;
				CLANG_ANALYZER_NUMBER_OBJECT_CONVERSION = YES_AGGRESSIVE;
				CLANG_CXX_LANGUAGE_STANDARD = "gnu++14";
				CLANG_CXX_LIBRARY = "libc++";
				CLANG_ENABLE_MODULES = YES;
				CLANG_ENABLE_OBJC_ARC = YES;
				CLANG_ENABLE_OBJC_WEAK = YES;
				CLANG_WARN_BLOCK_CAPTURE_AUTORELEASING = YES;
				CLANG_WARN_BOOL_CONVERSION = YES;
				CLANG_WARN_COMMA = YES;
				CLANG_WARN_CONSTANT_CONVERSION = YES;
				CLANG_WARN_DEPRECATED_OBJC_IMPLEMENTATIONS = YES;
				CLANG_WARN_DIRECT_OBJC_ISA_USAGE = YES_ERROR;
				CLANG_WARN_DOCUMENTATION_COMMENTS = YES;
				CLANG_WARN_EMPTY_BODY = YES;
				CLANG_WARN_ENUM_CONVERSION = YES;
				CLANG_WARN_INFINITE_RECURSION = YES;
				CLANG_WARN_INT_CONVERSION = YES;
				CLANG_WARN_NON_LITERAL_NULL_CONVERSION = YES;
				CLANG_WARN_OBJC_IMPLICIT_RETAIN_SELF = YES;
				CLANG_WARN_OBJC_LITERAL_CONVERSION = YES;
				CLANG_WARN_OBJC_ROOT_CLASS = YES_ERROR;
				CLANG_WARN_RANGE_LOOP_ANALYSIS = YES;
				CLANG_WARN_STRICT_PROTOTYPES = YES;
				CLANG_WARN_SUSPICIOUS_MOVE = YES;
				CLANG_WARN_UNGUARDED_AVAILABILITY = YES_AGGRESSIVE;
				CLANG_WARN_UNREACHABLE_CODE = YES;
				CLANG_WARN__DUPLICATE_METHOD_MATCH = YES;
				CODE_SIGN_IDENTITY = "-";
				COPY_PHASE_STRIP = NO;
				DEBUG_INFORMATION_FORMAT = "dwarf-with-dsym";
				ENABLE_NS_ASSERTIONS = NO;
				ENABLE_STRICT_OBJC_MSGSEND = YES;
				GCC_NO_COMMON_BLOCKS = YES;
				GCC_WARN_64_TO_32_BIT_CONVERSION = YES;
				GCC_WARN_ABOUT_RETURN_TYPE = YES_ERROR;
				GCC_WARN_UNDECLARED_SELECTOR = YES;
				GCC_WARN_UNINITIALIZED_AUTOS = YES_AGGRESSIVE;
				GCC_WARN_UNUSED_FUNCTION = YES;
				GCC_WARN_UNUSED_VARIABLE = YES;
				MTL_ENABLE_DEBUG_INFO = NO;
				OTHER_CFLAGS = (
					"-DUNIX_HOST",
					"-DF_FULLSYNC",
					"-DLOXONE",
					"-DPICOC_LIBRARY",
					"-DUSE_MALLOC_HEAP",
				);
				SDKROOT = macosx;
			};
			name = Release;
		};
		F859B6802051223E0026E5F5 /* Debug */ = {
			isa = XCBuildConfiguration;
			buildSettings = {
				CODE_SIGN_STYLE = Automatic;
				PRODUCT_NAME = "$(TARGET_NAME)";
			};
			name = Debug;
		};
		F859B6812051223E0026E5F5 /* Release */ = {
			isa = XCBuildConfiguration;
			buildSettings = {
				CODE_SIGN_STYLE = Automatic;
				PRODUCT_NAME = "$(TARGET_NAME)";
			};
			name = Release;
		};
		F8BF5FCB205BED9F00B94DE7 /* Debug */ = {
			isa = XCBuildConfiguration;
			buildSettings = {
				ASSETCATALOG_COMPILER_APPICON_NAME = AppIcon;
				CODE_SIGN_STYLE = Automatic;
				COMBINE_HIDPI_IMAGES = YES;
				GCC_C_LANGUAGE_STANDARD = gnu11;
				GCC_INPUT_FILETYPE = sourcecode.c.objc;
				INFOPLIST_FILE = "Loxone Programm Simulator/Info.plist";
				LD_RUNPATH_SEARCH_PATHS = (
					"$(inherited)",
					"@executable_path/../Frameworks",
				);
				MACOSX_DEPLOYMENT_TARGET = 10.12;
				OTHER_CFLAGS = (
					"-DUNIX_HOST",
					"-DF_FULLSYNC",
					"-DLOXONE",
					"-DPICOC_LIBRARY",
					"-DLOXONE_SIM",
				);
				PRODUCT_BUNDLE_IDENTIFIER = "com.sarnau..Loxone-Programm-Simulator";
				PRODUCT_NAME = "$(TARGET_NAME)";
			};
			name = Debug;
		};
		F8BF5FCC205BED9F00B94DE7 /* Release */ = {
			isa = XCBuildConfiguration;
			buildSettings = {
				ASSETCATALOG_COMPILER_APPICON_NAME = AppIcon;
				CODE_SIGN_STYLE = Automatic;
				COMBINE_HIDPI_IMAGES = YES;
				GCC_C_LANGUAGE_STANDARD = gnu11;
				GCC_INPUT_FILETYPE = sourcecode.c.objc;
				INFOPLIST_FILE = "Loxone Programm Simulator/Info.plist";
				LD_RUNPATH_SEARCH_PATHS = (
					"$(inherited)",
					"@executable_path/../Frameworks",
				);
				MACOSX_DEPLOYMENT_TARGET = 10.12;
				OTHER_CFLAGS = (
					"-DUNIX_HOST",
					"-DF_FULLSYNC",
					"-DLOXONE",
					"-DPICOC_LIBRARY",
					"-DLOXONE_SIM",
				);
				PRODUCT_BUNDLE_IDENTIFIER = "com.sarnau..Loxone-Programm-Simulator";
				PRODUCT_NAME = "$(TARGET_NAME)";
			};
			name = Release;
		};
/* End XCBuildConfiguration section */

/* Begin XCConfigurationList section */
		F859B6732051223E0026E5F5 /* Build configuration list for PBXProject "picoc" */ = {
			isa = XCConfigurationList;
			buildConfigurations = (
				F859B67D2051223E0026E5F5 /* Debug */,
				F859B67E2051223E0026E5F5 /* Release */,
			);
			defaultConfigurationIsVisible = 0;
			defaultConfigurationName = Release;
		};
		F859B67F2051223E0026E5F5 /* Build configuration list for PBXNativeTarget "picoc" */ = {
			isa = XCConfigurationList;
			buildConfigurations = (
				F859B6802051223E0026E5F5 /* Debug */,
				F859B6812051223E0026E5F5 /* Release */,
			);
			defaultConfigurationIsVisible = 0;
			defaultConfigurationName = Release;
		};
		F8BF5FCA205BED9F00B94DE7 /* Build configuration list for PBXNativeTarget "Loxone Programm Simulator" */ = {
			isa = XCConfigurationList;
			buildConfigurations = (
				F8BF5FCB205BED9F00B94DE7 /* Debug */,
				F8BF5FCC205BED9F00B94DE7 /* Release */,
			);
			defaultConfigurationIsVisible = 0;
			defaultConfigurationName = Release;
		};
/* End XCConfigurationList section */
	};
	rootObject = F859B6702051223E0026E5F5 /* Project object */;
}
